// !$*UTF8*$!
{
	archiveVersion = 1;
	classes = {
	};
	objectVersion = 56;
	objects = {

/* Begin PBXBuildFile section */
		13AEC9542C6752F0009B59C0 /* StarlightApp.swift in Sources */ = {isa = PBXBuildFile; fileRef = 13AEC9532C6752F0009B59C0 /* StarlightApp.swift */; };
		13AEC9562C6752F0009B59C0 /* ContentView.swift in Sources */ = {isa = PBXBuildFile; fileRef = 13AEC9552C6752F0009B59C0 /* ContentView.swift */; };
		13AEC9582C6752F3009B59C0 /* Assets.xcassets in Resources */ = {isa = PBXBuildFile; fileRef = 13AEC9572C6752F3009B59C0 /* Assets.xcassets */; };
		13AEC95B2C6752F3009B59C0 /* Preview Assets.xcassets in Resources */ = {isa = PBXBuildFile; fileRef = 13AEC95A2C6752F3009B59C0 /* Preview Assets.xcassets */; };
		13AEC9642C67535E009B59C0 /* JsonParser.swift in Sources */ = {isa = PBXBuildFile; fileRef = 13AEC9632C67535E009B59C0 /* JsonParser.swift */; };
		13AEC9672C6753F2009B59C0 /* CCTVInfo.swift in Sources */ = {isa = PBXBuildFile; fileRef = 13AEC9662C6753F2009B59C0 /* CCTVInfo.swift */; };
		13AEC96A2C675578009B59C0 /* CCTV.json in Resources */ = {isa = PBXBuildFile; fileRef = 13AEC9692C675578009B59C0 /* CCTV.json */; };
		13AEC96C2C675582009B59C0 /* PoliceOffice.json in Resources */ = {isa = PBXBuildFile; fileRef = 13AEC96B2C675581009B59C0 /* PoliceOffice.json */; };
		13AEC96E2C67558A009B59C0 /* StreetLight.json in Resources */ = {isa = PBXBuildFile; fileRef = 13AEC96D2C67558A009B59C0 /* StreetLight.json */; };
		13AEC97C2C67561C009B59C0 /* SecurityLight.swift in Sources */ = {isa = PBXBuildFile; fileRef = 13AEC97B2C67561C009B59C0 /* SecurityLight.swift */; };
		13AEC97E2C675651009B59C0 /* PoliceStation.swift in Sources */ = {isa = PBXBuildFile; fileRef = 13AEC97D2C675651009B59C0 /* PoliceStation.swift */; };
		13AEC9802C6756C1009B59C0 /* LightMeasurement.swift in Sources */ = {isa = PBXBuildFile; fileRef = 13AEC97F2C6756C1009B59C0 /* LightMeasurement.swift */; };
		13AEC9822C67570E009B59C0 /* PopulationMeasurement.swift in Sources */ = {isa = PBXBuildFile; fileRef = 13AEC9812C67570E009B59C0 /* PopulationMeasurement.swift */; };
		13AEC9842C675A1F009B59C0 /* GeoHashUtility.swift in Sources */ = {isa = PBXBuildFile; fileRef = 13AEC9832C675A1F009B59C0 /* GeoHashUtility.swift */; };
		13AEC9862C675A4F009B59C0 /* MapView.swift in Sources */ = {isa = PBXBuildFile; fileRef = 13AEC9852C675A4F009B59C0 /* MapView.swift */; };
		13AEC98E2C67B0B0009B59C0 /* SafetyInfo.swift in Sources */ = {isa = PBXBuildFile; fileRef = 13AEC98D2C67B0B0009B59C0 /* SafetyInfo.swift */; };
		13AEC9902C67B21D009B59C0 /* MapViewModel.swift in Sources */ = {isa = PBXBuildFile; fileRef = 13AEC98F2C67B21D009B59C0 /* MapViewModel.swift */; };
		13AEC9982C67B33E009B59C0 /* SharedModel.swift in Sources */ = {isa = PBXBuildFile; fileRef = 13AEC9972C67B33E009B59C0 /* SharedModel.swift */; };
		13AEC99A2C67B546009B59C0 /* MapTestView.swift in Sources */ = {isa = PBXBuildFile; fileRef = 13AEC9992C67B546009B59C0 /* MapTestView.swift */; };
		13AEC99C2C67C774009B59C0 /* LocationManager.swift in Sources */ = {isa = PBXBuildFile; fileRef = 13AEC99B2C67C774009B59C0 /* LocationManager.swift */; };
		13AEC9A02C67F053009B59C0 /* New_Day_Safety_Grades.json in Resources */ = {isa = PBXBuildFile; fileRef = 13AEC99D2C67F053009B59C0 /* New_Day_Safety_Grades.json */; };
		13AEC9A12C67F053009B59C0 /* New_Dawn_Safety_Grades.json in Resources */ = {isa = PBXBuildFile; fileRef = 13AEC99E2C67F053009B59C0 /* New_Dawn_Safety_Grades.json */; };
		13AEC9A22C67F053009B59C0 /* New_Night_Safety_Grades.json in Resources */ = {isa = PBXBuildFile; fileRef = 13AEC99F2C67F053009B59C0 /* New_Night_Safety_Grades.json */; };
		8BF2D1992C679CC60068A71E /* MainView.swift in Sources */ = {isa = PBXBuildFile; fileRef = 8BF2D1982C679CC60068A71E /* MainView.swift */; };
		8BF2D19B2C67C43E0068A71E /* ChooseLocationView.swift in Sources */ = {isa = PBXBuildFile; fileRef = 8BF2D19A2C67C43E0068A71E /* ChooseLocationView.swift */; };
		8BF2D19D2C67F57A0068A71E /* RecommendRouteView.swift in Sources */ = {isa = PBXBuildFile; fileRef = 8BF2D19C2C67F57A0068A71E /* RecommendRouteView.swift */; };
		8BF2D19F2C6807EF0068A71E /* SearchView.swift in Sources */ = {isa = PBXBuildFile; fileRef = 8BF2D19E2C6807EE0068A71E /* SearchView.swift */; };
		8BF2D1A12C6808330068A71E /* Color+Extention.swift in Sources */ = {isa = PBXBuildFile; fileRef = 8BF2D1A02C6808330068A71E /* Color+Extention.swift */; };
/* End PBXBuildFile section */

/* Begin PBXFileReference section */
		13AEC9502C6752F0009B59C0 /* Starlight.app */ = {isa = PBXFileReference; explicitFileType = wrapper.application; includeInIndex = 0; path = Starlight.app; sourceTree = BUILT_PRODUCTS_DIR; };
		13AEC9532C6752F0009B59C0 /* StarlightApp.swift */ = {isa = PBXFileReference; lastKnownFileType = sourcecode.swift; path = StarlightApp.swift; sourceTree = "<group>"; };
		13AEC9552C6752F0009B59C0 /* ContentView.swift */ = {isa = PBXFileReference; lastKnownFileType = sourcecode.swift; path = ContentView.swift; sourceTree = "<group>"; };
		13AEC9572C6752F3009B59C0 /* Assets.xcassets */ = {isa = PBXFileReference; lastKnownFileType = folder.assetcatalog; path = Assets.xcassets; sourceTree = "<group>"; };
		13AEC95A2C6752F3009B59C0 /* Preview Assets.xcassets */ = {isa = PBXFileReference; lastKnownFileType = folder.assetcatalog; path = "Preview Assets.xcassets"; sourceTree = "<group>"; };
		13AEC9632C67535E009B59C0 /* JsonParser.swift */ = {isa = PBXFileReference; lastKnownFileType = sourcecode.swift; path = JsonParser.swift; sourceTree = "<group>"; };
		13AEC9662C6753F2009B59C0 /* CCTVInfo.swift */ = {isa = PBXFileReference; lastKnownFileType = sourcecode.swift; path = CCTVInfo.swift; sourceTree = "<group>"; };
		13AEC9692C675578009B59C0 /* CCTV.json */ = {isa = PBXFileReference; fileEncoding = 4; lastKnownFileType = text.json; path = CCTV.json; sourceTree = "<group>"; };
		13AEC96B2C675581009B59C0 /* PoliceOffice.json */ = {isa = PBXFileReference; fileEncoding = 4; lastKnownFileType = text.json; path = PoliceOffice.json; sourceTree = "<group>"; };
		13AEC96D2C67558A009B59C0 /* StreetLight.json */ = {isa = PBXFileReference; fileEncoding = 4; lastKnownFileType = text.json; path = StreetLight.json; sourceTree = "<group>"; };
		13AEC97B2C67561C009B59C0 /* SecurityLight.swift */ = {isa = PBXFileReference; lastKnownFileType = sourcecode.swift; path = SecurityLight.swift; sourceTree = "<group>"; };
		13AEC97D2C675651009B59C0 /* PoliceStation.swift */ = {isa = PBXFileReference; lastKnownFileType = sourcecode.swift; path = PoliceStation.swift; sourceTree = "<group>"; };
		13AEC97F2C6756C1009B59C0 /* LightMeasurement.swift */ = {isa = PBXFileReference; lastKnownFileType = sourcecode.swift; path = LightMeasurement.swift; sourceTree = "<group>"; };
		13AEC9812C67570E009B59C0 /* PopulationMeasurement.swift */ = {isa = PBXFileReference; lastKnownFileType = sourcecode.swift; path = PopulationMeasurement.swift; sourceTree = "<group>"; };
		13AEC9832C675A1F009B59C0 /* GeoHashUtility.swift */ = {isa = PBXFileReference; lastKnownFileType = sourcecode.swift; path = GeoHashUtility.swift; sourceTree = "<group>"; };
		13AEC9852C675A4F009B59C0 /* MapView.swift */ = {isa = PBXFileReference; lastKnownFileType = sourcecode.swift; path = MapView.swift; sourceTree = "<group>"; };
		13AEC98D2C67B0B0009B59C0 /* SafetyInfo.swift */ = {isa = PBXFileReference; lastKnownFileType = sourcecode.swift; path = SafetyInfo.swift; sourceTree = "<group>"; };
		13AEC98F2C67B21D009B59C0 /* MapViewModel.swift */ = {isa = PBXFileReference; lastKnownFileType = sourcecode.swift; path = MapViewModel.swift; sourceTree = "<group>"; };
		13AEC9972C67B33E009B59C0 /* SharedModel.swift */ = {isa = PBXFileReference; lastKnownFileType = sourcecode.swift; path = SharedModel.swift; sourceTree = "<group>"; };
		13AEC9992C67B546009B59C0 /* MapTestView.swift */ = {isa = PBXFileReference; lastKnownFileType = sourcecode.swift; path = MapTestView.swift; sourceTree = "<group>"; };
		13AEC99B2C67C774009B59C0 /* LocationManager.swift */ = {isa = PBXFileReference; lastKnownFileType = sourcecode.swift; path = LocationManager.swift; sourceTree = "<group>"; };
		13AEC99D2C67F053009B59C0 /* New_Day_Safety_Grades.json */ = {isa = PBXFileReference; fileEncoding = 4; lastKnownFileType = text.json; path = New_Day_Safety_Grades.json; sourceTree = "<group>"; };
		13AEC99E2C67F053009B59C0 /* New_Dawn_Safety_Grades.json */ = {isa = PBXFileReference; fileEncoding = 4; lastKnownFileType = text.json; path = New_Dawn_Safety_Grades.json; sourceTree = "<group>"; };
		13AEC99F2C67F053009B59C0 /* New_Night_Safety_Grades.json */ = {isa = PBXFileReference; fileEncoding = 4; lastKnownFileType = text.json; path = New_Night_Safety_Grades.json; sourceTree = "<group>"; };
		8BF2D1982C679CC60068A71E /* MainView.swift */ = {isa = PBXFileReference; lastKnownFileType = sourcecode.swift; path = MainView.swift; sourceTree = "<group>"; };
		8BF2D19A2C67C43E0068A71E /* ChooseLocationView.swift */ = {isa = PBXFileReference; lastKnownFileType = sourcecode.swift; path = ChooseLocationView.swift; sourceTree = "<group>"; };
		8BF2D19C2C67F57A0068A71E /* RecommendRouteView.swift */ = {isa = PBXFileReference; lastKnownFileType = sourcecode.swift; path = RecommendRouteView.swift; sourceTree = "<group>"; };
		8BF2D19E2C6807EE0068A71E /* SearchView.swift */ = {isa = PBXFileReference; fileEncoding = 4; lastKnownFileType = sourcecode.swift; path = SearchView.swift; sourceTree = "<group>"; };
		8BF2D1A02C6808330068A71E /* Color+Extention.swift */ = {isa = PBXFileReference; fileEncoding = 4; lastKnownFileType = sourcecode.swift; path = "Color+Extention.swift"; sourceTree = "<group>"; };
/* End PBXFileReference section */

/* Begin PBXFrameworksBuildPhase section */
		13AEC94D2C6752F0009B59C0 /* Frameworks */ = {
			isa = PBXFrameworksBuildPhase;
			buildActionMask = 2147483647;
			files = (
			);
			runOnlyForDeploymentPostprocessing = 0;
		};
/* End PBXFrameworksBuildPhase section */

/* Begin PBXGroup section */
		13AEC9472C6752F0009B59C0 = {
			isa = PBXGroup;
			children = (
				13AEC9522C6752F0009B59C0 /* Starlight */,
				13AEC9512C6752F0009B59C0 /* Products */,
			);
			sourceTree = "<group>";
		};
		13AEC9512C6752F0009B59C0 /* Products */ = {
			isa = PBXGroup;
			children = (
				13AEC9502C6752F0009B59C0 /* Starlight.app */,
			);
			name = Products;
			sourceTree = "<group>";
		};
		13AEC9522C6752F0009B59C0 /* Starlight */ = {
			isa = PBXGroup;
			children = (
				13AEC9622C675335009B59C0 /* View */,
				13AEC9612C675330009B59C0 /* Helper */,
				13AEC9682C675554009B59C0 /* Data */,
				13AEC9652C6753CF009B59C0 /* Model */,
				13AEC9532C6752F0009B59C0 /* StarlightApp.swift */,
				13AEC9572C6752F3009B59C0 /* Assets.xcassets */,
				13AEC9592C6752F3009B59C0 /* Preview Content */,
			);
			path = Starlight;
			sourceTree = "<group>";
		};
		13AEC9592C6752F3009B59C0 /* Preview Content */ = {
			isa = PBXGroup;
			children = (
				13AEC95A2C6752F3009B59C0 /* Preview Assets.xcassets */,
			);
			path = "Preview Content";
			sourceTree = "<group>";
		};
		13AEC9612C675330009B59C0 /* Helper */ = {
			isa = PBXGroup;
			children = (
				8BF2D1A02C6808330068A71E /* Color+Extention.swift */,
				13AEC9632C67535E009B59C0 /* JsonParser.swift */,
				13AEC9832C675A1F009B59C0 /* GeoHashUtility.swift */,
				13AEC9972C67B33E009B59C0 /* SharedModel.swift */,
				13AEC99B2C67C774009B59C0 /* LocationManager.swift */,
			);
			path = Helper;
			sourceTree = "<group>";
		};
		13AEC9622C675335009B59C0 /* View */ = {
			isa = PBXGroup;
			children = (
				13AEC9552C6752F0009B59C0 /* ContentView.swift */,
				13AEC9A52C681762009B59C0 /* MainView */,
				13AEC9A32C68149E009B59C0 /* MapView */,
				8BF2D19A2C67C43E0068A71E /* ChooseLocationView.swift */,
				13AEC9A62C6823FF009B59C0 /* RecommendRouteView */,
				8BF2D19E2C6807EE0068A71E /* SearchView.swift */,
			);
			path = View;
			sourceTree = "<group>";
		};
		13AEC9652C6753CF009B59C0 /* Model */ = {
			isa = PBXGroup;
			children = (
				13AEC9662C6753F2009B59C0 /* CCTVInfo.swift */,
				13AEC97B2C67561C009B59C0 /* SecurityLight.swift */,
				13AEC97D2C675651009B59C0 /* PoliceStation.swift */,
				13AEC9812C67570E009B59C0 /* PopulationMeasurement.swift */,
				13AEC97F2C6756C1009B59C0 /* LightMeasurement.swift */,
				13AEC98D2C67B0B0009B59C0 /* SafetyInfo.swift */,
			);
			path = Model;
			sourceTree = "<group>";
		};
		13AEC9682C675554009B59C0 /* Data */ = {
			isa = PBXGroup;
			children = (
				13AEC99E2C67F053009B59C0 /* New_Dawn_Safety_Grades.json */,
				13AEC99D2C67F053009B59C0 /* New_Day_Safety_Grades.json */,
				13AEC99F2C67F053009B59C0 /* New_Night_Safety_Grades.json */,
				13AEC96D2C67558A009B59C0 /* StreetLight.json */,
				13AEC96B2C675581009B59C0 /* PoliceOffice.json */,
				13AEC9692C675578009B59C0 /* CCTV.json */,
			);
			path = Data;
			sourceTree = "<group>";
		};
		13AEC9A32C68149E009B59C0 /* MapView */ = {
			isa = PBXGroup;
			children = (
			);
			path = MapView;
			sourceTree = "<group>";
		};
		13AEC9A52C681762009B59C0 /* MainView */ = {
			isa = PBXGroup;
			children = (
				8BF2D1982C679CC60068A71E /* MainView.swift */,
				13AEC9852C675A4F009B59C0 /* MapView.swift */,
			);
			path = MainView;
			sourceTree = "<group>";
		};
		13AEC9A62C6823FF009B59C0 /* RecommendRouteView */ = {
			isa = PBXGroup;
			children = (
				13AEC9992C67B546009B59C0 /* MapTestView.swift */,
				13AEC98F2C67B21D009B59C0 /* MapViewModel.swift */,
				8BF2D19C2C67F57A0068A71E /* RecommendRouteView.swift */,
			);
			path = RecommendRouteView;
			sourceTree = "<group>";
		};
/* End PBXGroup section */

/* Begin PBXNativeTarget section */
		13AEC94F2C6752F0009B59C0 /* Starlight */ = {
			isa = PBXNativeTarget;
			buildConfigurationList = 13AEC95E2C6752F3009B59C0 /* Build configuration list for PBXNativeTarget "Starlight" */;
			buildPhases = (
				13AEC94C2C6752F0009B59C0 /* Sources */,
				13AEC94D2C6752F0009B59C0 /* Frameworks */,
				13AEC94E2C6752F0009B59C0 /* Resources */,
			);
			buildRules = (
			);
			dependencies = (
			);
			name = Starlight;
			productName = Starlight;
			productReference = 13AEC9502C6752F0009B59C0 /* Starlight.app */;
			productType = "com.apple.product-type.application";
		};
/* End PBXNativeTarget section */

/* Begin PBXProject section */
		13AEC9482C6752F0009B59C0 /* Project object */ = {
			isa = PBXProject;
			attributes = {
				BuildIndependentTargetsInParallel = 1;
				LastSwiftUpdateCheck = 1540;
				LastUpgradeCheck = 1540;
				TargetAttributes = {
					13AEC94F2C6752F0009B59C0 = {
						CreatedOnToolsVersion = 15.4;
					};
				};
			};
			buildConfigurationList = 13AEC94B2C6752F0009B59C0 /* Build configuration list for PBXProject "Starlight" */;
			compatibilityVersion = "Xcode 14.0";
			developmentRegion = en;
			hasScannedForEncodings = 0;
			knownRegions = (
				en,
				Base,
			);
			mainGroup = 13AEC9472C6752F0009B59C0;
			productRefGroup = 13AEC9512C6752F0009B59C0 /* Products */;
			projectDirPath = "";
			projectRoot = "";
			targets = (
				13AEC94F2C6752F0009B59C0 /* Starlight */,
			);
		};
/* End PBXProject section */

/* Begin PBXResourcesBuildPhase section */
		13AEC94E2C6752F0009B59C0 /* Resources */ = {
			isa = PBXResourcesBuildPhase;
			buildActionMask = 2147483647;
			files = (
				13AEC96A2C675578009B59C0 /* CCTV.json in Resources */,
				13AEC96E2C67558A009B59C0 /* StreetLight.json in Resources */,
				13AEC96C2C675582009B59C0 /* PoliceOffice.json in Resources */,
				13AEC9A02C67F053009B59C0 /* New_Day_Safety_Grades.json in Resources */,
				13AEC95B2C6752F3009B59C0 /* Preview Assets.xcassets in Resources */,
				13AEC9582C6752F3009B59C0 /* Assets.xcassets in Resources */,
				13AEC9A12C67F053009B59C0 /* New_Dawn_Safety_Grades.json in Resources */,
				13AEC9A22C67F053009B59C0 /* New_Night_Safety_Grades.json in Resources */,
			);
			runOnlyForDeploymentPostprocessing = 0;
		};
/* End PBXResourcesBuildPhase section */

/* Begin PBXSourcesBuildPhase section */
		13AEC94C2C6752F0009B59C0 /* Sources */ = {
			isa = PBXSourcesBuildPhase;
			buildActionMask = 2147483647;
			files = (
				8BF2D19B2C67C43E0068A71E /* ChooseLocationView.swift in Sources */,
				8BF2D19F2C6807EF0068A71E /* SearchView.swift in Sources */,
				13AEC97E2C675651009B59C0 /* PoliceStation.swift in Sources */,
				8BF2D1992C679CC60068A71E /* MainView.swift in Sources */,
				8BF2D19D2C67F57A0068A71E /* RecommendRouteView.swift in Sources */,
				13AEC9562C6752F0009B59C0 /* ContentView.swift in Sources */,
				13AEC99C2C67C774009B59C0 /* LocationManager.swift in Sources */,
				13AEC97C2C67561C009B59C0 /* SecurityLight.swift in Sources */,
				13AEC9672C6753F2009B59C0 /* CCTVInfo.swift in Sources */,
				13AEC9542C6752F0009B59C0 /* StarlightApp.swift in Sources */,
				13AEC9802C6756C1009B59C0 /* LightMeasurement.swift in Sources */,
				13AEC9982C67B33E009B59C0 /* SharedModel.swift in Sources */,
				13AEC9642C67535E009B59C0 /* JsonParser.swift in Sources */,
				13AEC98E2C67B0B0009B59C0 /* SafetyInfo.swift in Sources */,
				13AEC9862C675A4F009B59C0 /* MapView.swift in Sources */,
				13AEC9842C675A1F009B59C0 /* GeoHashUtility.swift in Sources */,
				8BF2D1A12C6808330068A71E /* Color+Extention.swift in Sources */,
				13AEC99A2C67B546009B59C0 /* MapTestView.swift in Sources */,
				13AEC9822C67570E009B59C0 /* PopulationMeasurement.swift in Sources */,
				13AEC9902C67B21D009B59C0 /* MapViewModel.swift in Sources */,
			);
			runOnlyForDeploymentPostprocessing = 0;
		};
/* End PBXSourcesBuildPhase section */

/* Begin XCBuildConfiguration section */
		13AEC95C2C6752F3009B59C0 /* Debug */ = {
			isa = XCBuildConfiguration;
			buildSettings = {
				ALWAYS_SEARCH_USER_PATHS = NO;
				ASSETCATALOG_COMPILER_GENERATE_SWIFT_ASSET_SYMBOL_EXTENSIONS = YES;
				CLANG_ANALYZER_NONNULL = YES;
				CLANG_ANALYZER_NUMBER_OBJECT_CONVERSION = YES_AGGRESSIVE;
				CLANG_CXX_LANGUAGE_STANDARD = "gnu++20";
				CLANG_ENABLE_MODULES = YES;
				CLANG_ENABLE_OBJC_ARC = YES;
				CLANG_ENABLE_OBJC_WEAK = YES;
				CLANG_WARN_BLOCK_CAPTURE_AUTORELEASING = YES;
				CLANG_WARN_BOOL_CONVERSION = YES;
				CLANG_WARN_COMMA = YES;
				CLANG_WARN_CONSTANT_CONVERSION = YES;
				CLANG_WARN_DEPRECATED_OBJC_IMPLEMENTATIONS = YES;
				CLANG_WARN_DIRECT_OBJC_ISA_USAGE = YES_ERROR;
				CLANG_WARN_DOCUMENTATION_COMMENTS = YES;
				CLANG_WARN_EMPTY_BODY = YES;
				CLANG_WARN_ENUM_CONVERSION = YES;
				CLANG_WARN_INFINITE_RECURSION = YES;
				CLANG_WARN_INT_CONVERSION = YES;
				CLANG_WARN_NON_LITERAL_NULL_CONVERSION = YES;
				CLANG_WARN_OBJC_IMPLICIT_RETAIN_SELF = YES;
				CLANG_WARN_OBJC_LITERAL_CONVERSION = YES;
				CLANG_WARN_OBJC_ROOT_CLASS = YES_ERROR;
				CLANG_WARN_QUOTED_INCLUDE_IN_FRAMEWORK_HEADER = YES;
				CLANG_WARN_RANGE_LOOP_ANALYSIS = YES;
				CLANG_WARN_STRICT_PROTOTYPES = YES;
				CLANG_WARN_SUSPICIOUS_MOVE = YES;
				CLANG_WARN_UNGUARDED_AVAILABILITY = YES_AGGRESSIVE;
				CLANG_WARN_UNREACHABLE_CODE = YES;
				CLANG_WARN__DUPLICATE_METHOD_MATCH = YES;
				COPY_PHASE_STRIP = NO;
				DEBUG_INFORMATION_FORMAT = dwarf;
				ENABLE_STRICT_OBJC_MSGSEND = YES;
				ENABLE_TESTABILITY = YES;
				ENABLE_USER_SCRIPT_SANDBOXING = YES;
				GCC_C_LANGUAGE_STANDARD = gnu17;
				GCC_DYNAMIC_NO_PIC = NO;
				GCC_NO_COMMON_BLOCKS = YES;
				GCC_OPTIMIZATION_LEVEL = 0;
				GCC_PREPROCESSOR_DEFINITIONS = (
					"DEBUG=1",
					"$(inherited)",
				);
				GCC_WARN_64_TO_32_BIT_CONVERSION = YES;
				GCC_WARN_ABOUT_RETURN_TYPE = YES_ERROR;
				GCC_WARN_UNDECLARED_SELECTOR = YES;
				GCC_WARN_UNINITIALIZED_AUTOS = YES_AGGRESSIVE;
				GCC_WARN_UNUSED_FUNCTION = YES;
				GCC_WARN_UNUSED_VARIABLE = YES;
				IPHONEOS_DEPLOYMENT_TARGET = 17.5;
				LOCALIZATION_PREFERS_STRING_CATALOGS = YES;
				MTL_ENABLE_DEBUG_INFO = INCLUDE_SOURCE;
				MTL_FAST_MATH = YES;
				ONLY_ACTIVE_ARCH = YES;
				SDKROOT = iphoneos;
				SWIFT_ACTIVE_COMPILATION_CONDITIONS = "DEBUG $(inherited)";
				SWIFT_OPTIMIZATION_LEVEL = "-Onone";
			};
			name = Debug;
		};
		13AEC95D2C6752F3009B59C0 /* Release */ = {
			isa = XCBuildConfiguration;
			buildSettings = {
				ALWAYS_SEARCH_USER_PATHS = NO;
				ASSETCATALOG_COMPILER_GENERATE_SWIFT_ASSET_SYMBOL_EXTENSIONS = YES;
				CLANG_ANALYZER_NONNULL = YES;
				CLANG_ANALYZER_NUMBER_OBJECT_CONVERSION = YES_AGGRESSIVE;
				CLANG_CXX_LANGUAGE_STANDARD = "gnu++20";
				CLANG_ENABLE_MODULES = YES;
				CLANG_ENABLE_OBJC_ARC = YES;
				CLANG_ENABLE_OBJC_WEAK = YES;
				CLANG_WARN_BLOCK_CAPTURE_AUTORELEASING = YES;
				CLANG_WARN_BOOL_CONVERSION = YES;
				CLANG_WARN_COMMA = YES;
				CLANG_WARN_CONSTANT_CONVERSION = YES;
				CLANG_WARN_DEPRECATED_OBJC_IMPLEMENTATIONS = YES;
				CLANG_WARN_DIRECT_OBJC_ISA_USAGE = YES_ERROR;
				CLANG_WARN_DOCUMENTATION_COMMENTS = YES;
				CLANG_WARN_EMPTY_BODY = YES;
				CLANG_WARN_ENUM_CONVERSION = YES;
				CLANG_WARN_INFINITE_RECURSION = YES;
				CLANG_WARN_INT_CONVERSION = YES;
				CLANG_WARN_NON_LITERAL_NULL_CONVERSION = YES;
				CLANG_WARN_OBJC_IMPLICIT_RETAIN_SELF = YES;
				CLANG_WARN_OBJC_LITERAL_CONVERSION = YES;
				CLANG_WARN_OBJC_ROOT_CLASS = YES_ERROR;
				CLANG_WARN_QUOTED_INCLUDE_IN_FRAMEWORK_HEADER = YES;
				CLANG_WARN_RANGE_LOOP_ANALYSIS = YES;
				CLANG_WARN_STRICT_PROTOTYPES = YES;
				CLANG_WARN_SUSPICIOUS_MOVE = YES;
				CLANG_WARN_UNGUARDED_AVAILABILITY = YES_AGGRESSIVE;
				CLANG_WARN_UNREACHABLE_CODE = YES;
				CLANG_WARN__DUPLICATE_METHOD_MATCH = YES;
				COPY_PHASE_STRIP = NO;
				DEBUG_INFORMATION_FORMAT = "dwarf-with-dsym";
				ENABLE_NS_ASSERTIONS = NO;
				ENABLE_STRICT_OBJC_MSGSEND = YES;
				ENABLE_USER_SCRIPT_SANDBOXING = YES;
				GCC_C_LANGUAGE_STANDARD = gnu17;
				GCC_NO_COMMON_BLOCKS = YES;
				GCC_WARN_64_TO_32_BIT_CONVERSION = YES;
				GCC_WARN_ABOUT_RETURN_TYPE = YES_ERROR;
				GCC_WARN_UNDECLARED_SELECTOR = YES;
				GCC_WARN_UNINITIALIZED_AUTOS = YES_AGGRESSIVE;
				GCC_WARN_UNUSED_FUNCTION = YES;
				GCC_WARN_UNUSED_VARIABLE = YES;
				IPHONEOS_DEPLOYMENT_TARGET = 17.5;
				LOCALIZATION_PREFERS_STRING_CATALOGS = YES;
				MTL_ENABLE_DEBUG_INFO = NO;
				MTL_FAST_MATH = YES;
				SDKROOT = iphoneos;
				SWIFT_COMPILATION_MODE = wholemodule;
				VALIDATE_PRODUCT = YES;
			};
			name = Release;
		};
		13AEC95F2C6752F3009B59C0 /* Debug */ = {
			isa = XCBuildConfiguration;
			buildSettings = {
				ASSETCATALOG_COMPILER_APPICON_NAME = AppIcon;
				ASSETCATALOG_COMPILER_GLOBAL_ACCENT_COLOR_NAME = AccentColor;
				CODE_SIGN_STYLE = Automatic;
				CURRENT_PROJECT_VERSION = 1;
				DEVELOPMENT_ASSET_PATHS = "\"Starlight/Preview Content\"";
				DEVELOPMENT_TEAM = G7X65ZSJ3J;
				ENABLE_PREVIEWS = YES;
				GENERATE_INFOPLIST_FILE = YES;
				INFOPLIST_KEY_NSLocationAlwaysAndWhenInUseUsageDescription = "This app will get your location information.";
				INFOPLIST_KEY_NSLocationUsageDescription = "This app will get your location information.";
				INFOPLIST_KEY_NSLocationWhenInUseUsageDescription = "This app will get your location information.";
				INFOPLIST_KEY_UIApplicationSceneManifest_Generation = YES;
				INFOPLIST_KEY_UIApplicationSupportsIndirectInputEvents = YES;
				INFOPLIST_KEY_UILaunchScreen_Generation = YES;
				INFOPLIST_KEY_UISupportedInterfaceOrientations_iPad = "UIInterfaceOrientationPortrait UIInterfaceOrientationPortraitUpsideDown UIInterfaceOrientationLandscapeLeft UIInterfaceOrientationLandscapeRight";
				INFOPLIST_KEY_UISupportedInterfaceOrientations_iPhone = "UIInterfaceOrientationPortrait UIInterfaceOrientationLandscapeLeft UIInterfaceOrientationLandscapeRight";
				IPHONEOS_DEPLOYMENT_TARGET = 17.0;
				LD_RUNPATH_SEARCH_PATHS = (
					"$(inherited)",
					"@executable_path/Frameworks",
				);
				MARKETING_VERSION = 1.0;
				PRODUCT_BUNDLE_IDENTIFIER = com.gyunni.Starlight;
				PRODUCT_NAME = "$(TARGET_NAME)";
				SWIFT_EMIT_LOC_STRINGS = YES;
				SWIFT_VERSION = 5.0;
				TARGETED_DEVICE_FAMILY = "1,2";
			};
			name = Debug;
		};
		13AEC9602C6752F3009B59C0 /* Release */ = {
			isa = XCBuildConfiguration;
			buildSettings = {
				ASSETCATALOG_COMPILER_APPICON_NAME = AppIcon;
				ASSETCATALOG_COMPILER_GLOBAL_ACCENT_COLOR_NAME = AccentColor;
				CODE_SIGN_STYLE = Automatic;
				CURRENT_PROJECT_VERSION = 1;
				DEVELOPMENT_ASSET_PATHS = "\"Starlight/Preview Content\"";
				DEVELOPMENT_TEAM = G7X65ZSJ3J;
				ENABLE_PREVIEWS = YES;
				GENERATE_INFOPLIST_FILE = YES;
				INFOPLIST_KEY_NSLocationAlwaysAndWhenInUseUsageDescription = "This app will get your location information.";
				INFOPLIST_KEY_NSLocationUsageDescription = "This app will get your location information.";
				INFOPLIST_KEY_NSLocationWhenInUseUsageDescription = "This app will get your location information.";
				INFOPLIST_KEY_UIApplicationSceneManifest_Generation = YES;
				INFOPLIST_KEY_UIApplicationSupportsIndirectInputEvents = YES;
				INFOPLIST_KEY_UILaunchScreen_Generation = YES;
				INFOPLIST_KEY_UISupportedInterfaceOrientations_iPad = "UIInterfaceOrientationPortrait UIInterfaceOrientationPortraitUpsideDown UIInterfaceOrientationLandscapeLeft UIInterfaceOrientationLandscapeRight";
				INFOPLIST_KEY_UISupportedInterfaceOrientations_iPhone = "UIInterfaceOrientationPortrait UIInterfaceOrientationLandscapeLeft UIInterfaceOrientationLandscapeRight";
				IPHONEOS_DEPLOYMENT_TARGET = 17.0;
				LD_RUNPATH_SEARCH_PATHS = (
					"$(inherited)",
					"@executable_path/Frameworks",
				);
				MARKETING_VERSION = 1.0;
				PRODUCT_BUNDLE_IDENTIFIER = com.gyunni.Starlight;
				PRODUCT_NAME = "$(TARGET_NAME)";
				SWIFT_EMIT_LOC_STRINGS = YES;
				SWIFT_VERSION = 5.0;
				TARGETED_DEVICE_FAMILY = "1,2";
			};
			name = Release;
		};
/* End XCBuildConfiguration section */

/* Begin XCConfigurationList section */
		13AEC94B2C6752F0009B59C0 /* Build configuration list for PBXProject "Starlight" */ = {
			isa = XCConfigurationList;
			buildConfigurations = (
				13AEC95C2C6752F3009B59C0 /* Debug */,
				13AEC95D2C6752F3009B59C0 /* Release */,
			);
			defaultConfigurationIsVisible = 0;
			defaultConfigurationName = Release;
		};
		13AEC95E2C6752F3009B59C0 /* Build configuration list for PBXNativeTarget "Starlight" */ = {
			isa = XCConfigurationList;
			buildConfigurations = (
				13AEC95F2C6752F3009B59C0 /* Debug */,
				13AEC9602C6752F3009B59C0 /* Release */,
			);
			defaultConfigurationIsVisible = 0;
			defaultConfigurationName = Release;
		};
/* End XCConfigurationList section */
	};
	rootObject = 13AEC9482C6752F0009B59C0 /* Project object */;
}
